
Microsoft Visual Studio Solution File, Format Version 12.00
# Visual Studio Version 16
VisualStudioVersion = 16.0.29215.179
MinimumVisualStudioVersion = 10.0.40219.1
Project("{9A19103F-16F7-4668-BE54-9A1E7A4F7556}") = "Entity", "Entity\Entity.csproj", "{74971F40-2FD2-497E-86E5-366C84C2ACDC}"
EndProject
Project("{9A19103F-16F7-4668-BE54-9A1E7A4F7556}") = "DataAccessLayer", "DataAccessLayer\DataAccessLayer.csproj", "{66E0BF10-AF9D-4E56-A1A4-CF4D0B43F3D1}"
EndProject
Project("{9A19103F-16F7-4668-BE54-9A1E7A4F7556}") = "BusinessLogicLayer", "BusinessLogicLayer\BusinessLogicLayer.csproj", "{79A80F85-DCCA-4EF6-AADC-F3D2821ABBA0}"
EndProject
Project("{9A19103F-16F7-4668-BE54-9A1E7A4F7556}") = "View", "View\View.csproj", "{B9AB5155-BF93-4CB3-BB42-072DE7DABC01}"
EndProject
Project("{9A19103F-16F7-4668-BE54-9A1E7A4F7556}") = "Server", "Server\Server.csproj", "{2F848406-533F-46EF-94FC-F47C5FFB8E02}"
EndProject
Project("{9A19103F-16F7-4668-BE54-9A1E7A4F7556}") = "Infrastructure", "Infrastructure\Infrastructure.csproj", "{4703E2E3-64C2-4124-BFCD-EA599AFAEC4C}"
EndProject
Project("{FAE04EC0-301F-11D3-BF4B-00C04F79EFBC}") = "Common", "Common\Common.csproj", "{66566F5B-0BC5-4BEC-BCA6-612765CF3E87}"
EndProject
Global
	GlobalSection(SolutionConfigurationPlatforms) = preSolution
		Debug|Any CPU = Debug|Any CPU
		Release|Any CPU = Release|Any CPU
	EndGlobalSection
	GlobalSection(ProjectConfigurationPlatforms) = postSolution
		{74971F40-2FD2-497E-86E5-366C84C2ACDC}.Debug|Any CPU.ActiveCfg = Debug|Any CPU
		{74971F40-2FD2-497E-86E5-366C84C2ACDC}.Debug|Any CPU.Build.0 = Debug|Any CPU
		{74971F40-2FD2-497E-86E5-366C84C2ACDC}.Release|Any CPU.ActiveCfg = Release|Any CPU
		{74971F40-2FD2-497E-86E5-366C84C2ACDC}.Release|Any CPU.Build.0 = Release|Any CPU
		{66E0BF10-AF9D-4E56-A1A4-CF4D0B43F3D1}.Debug|Any CPU.ActiveCfg = Debug|Any CPU
		{66E0BF10-AF9D-4E56-A1A4-CF4D0B43F3D1}.Debug|Any CPU.Build.0 = Debug|Any CPU
		{66E0BF10-AF9D-4E56-A1A4-CF4D0B43F3D1}.Release|Any CPU.ActiveCfg = Release|Any CPU
		{66E0BF10-AF9D-4E56-A1A4-CF4D0B43F3D1}.Release|Any CPU.Build.0 = Release|Any CPU
		{79A80F85-DCCA-4EF6-AADC-F3D2821ABBA0}.Debug|Any CPU.ActiveCfg = Debug|Any CPU
		{79A80F85-DCCA-4EF6-AADC-F3D2821ABBA0}.Debug|Any CPU.Build.0 = Debug|Any CPU
		{79A80F85-DCCA-4EF6-AADC-F3D2821ABBA0}.Release|Any CPU.ActiveCfg = Release|Any CPU
		{79A80F85-DCCA-4EF6-AADC-F3D2821ABBA0}.Release|Any CPU.Build.0 = Release|Any CPU
		{B9AB5155-BF93-4CB3-BB42-072DE7DABC01}.Debug|Any CPU.ActiveCfg = Debug|Any CPU
		{B9AB5155-BF93-4CB3-BB42-072DE7DABC01}.Debug|Any CPU.Build.0 = Debug|Any CPU
		{B9AB5155-BF93-4CB3-BB42-072DE7DABC01}.Release|Any CPU.ActiveCfg = Release|Any CPU
		{B9AB5155-BF93-4CB3-BB42-072DE7DABC01}.Release|Any CPU.Build.0 = Release|Any CPU
		{2F848406-533F-46EF-94FC-F47C5FFB8E02}.Debug|Any CPU.ActiveCfg = Debug|Any CPU
		{2F848406-533F-46EF-94FC-F47C5FFB8E02}.Debug|Any CPU.Build.0 = Debug|Any CPU
		{2F848406-533F-46EF-94FC-F47C5FFB8E02}.Release|Any CPU.ActiveCfg = Release|Any CPU
		{2F848406-533F-46EF-94FC-F47C5FFB8E02}.Release|Any CPU.Build.0 = Release|Any CPU
		{4703E2E3-64C2-4124-BFCD-EA599AFAEC4C}.Debug|Any CPU.ActiveCfg = Debug|Any CPU
		{4703E2E3-64C2-4124-BFCD-EA599AFAEC4C}.Debug|Any CPU.Build.0 = Debug|Any CPU
		{4703E2E3-64C2-4124-BFCD-EA599AFAEC4C}.Release|Any CPU.ActiveCfg = Release|Any CPU
		{4703E2E3-64C2-4124-BFCD-EA599AFAEC4C}.Release|Any CPU.Build.0 = Release|Any CPU
		{66566F5B-0BC5-4BEC-BCA6-612765CF3E87}.Debug|Any CPU.ActiveCfg = Debug|Any CPU
		{66566F5B-0BC5-4BEC-BCA6-612765CF3E87}.Debug|Any CPU.Build.0 = Debug|Any CPU
		{66566F5B-0BC5-4BEC-BCA6-612765CF3E87}.Release|Any CPU.ActiveCfg = Release|Any CPU
		{66566F5B-0BC5-4BEC-BCA6-612765CF3E87}.Release|Any CPU.Build.0 = Release|Any CPU
	EndGlobalSection
	GlobalSection(SolutionProperties) = preSolution
		HideSolutionNode = FALSE
	EndGlobalSection
	GlobalSection(ExtensibilityGlobals) = postSolution
		SolutionGuid = {79EF216E-C724-48E3-AB00-DC3A34AE9719}
	EndGlobalSection
EndGlobal
